
Microsoft Visual Studio Solution File, Format Version 12.00
# Visual Studio Version 17
VisualStudioVersion = 17.4.33110.190
MinimumVisualStudioVersion = 10.0.40219.1
Project("{FAE04EC0-301F-11D3-BF4B-00C04F79EFBC}") = "IoTHub.Database", "IoTHub.Database\IoTHub.Database.csproj", "{48DAF8C7-8B20-464D-A2E5-781DD4BCB9B2}"
EndProject
Global
	GlobalSection(SolutionConfigurationPlatforms) = preSolution
		Debug|Any CPU = Debug|Any CPU
		Release|Any CPU = Release|Any CPU
	EndGlobalSection
	GlobalSection(ProjectConfigurationPlatforms) = postSolution
		{48DAF8C7-8B20-464D-A2E5-781DD4BCB9B2}.Debug|Any CPU.ActiveCfg = Debug|Any CPU
		{48DAF8C7-8B20-464D-A2E5-781DD4BCB9B2}.Debug|Any CPU.Build.0 = Debug|Any CPU
		{48DAF8C7-8B20-464D-A2E5-781DD4BCB9B2}.Release|Any CPU.ActiveCfg = Release|Any CPU
		{48DAF8C7-8B20-464D-A2E5-781DD4BCB9B2}.Release|Any CPU.Build.0 = Release|Any CPU
	EndGlobalSection
	GlobalSection(SolutionProperties) = preSolution
		HideSolutionNode = FALSE
	EndGlobalSection
	GlobalSection(ExtensibilityGlobals) = postSolution
		SolutionGuid = {C76879F0-00F5-4ABA-A960-E372F4618E1A}
	EndGlobalSection
EndGlobal
